
Microsoft Visual Studio Solution File, Format Version 12.00
# Visual Studio Version 17
VisualStudioVersion = 17.8.34330.188
MinimumVisualStudioVersion = 10.0.40219.1
Project("{2150E333-8FDC-42A3-9474-1A3956D46DE8}") = "Core", "Core", "{3AB08274-F7BE-45AA-9FC3-8064BF21002D}"
EndProject
Project("{9A19103F-16F7-4668-BE54-9A1E7A4F7556}") = "Scrape.Model", "Scrape.Model\Scrape.Model.csproj", "{BD08C352-D39B-4EFB-AA47-8BC71E396A57}"
EndProject
Project("{2150E333-8FDC-42A3-9474-1A3956D46DE8}") = "UI", "UI", "{9D68E01F-D22E-405D-A824-6F475D29AB75}"
EndProject
Project("{9A19103F-16F7-4668-BE54-9A1E7A4F7556}") = "Scrape.BlazorWA", "Scrape.BlazorWA\Scrape.BlazorWA.csproj", "{14C51681-97D2-46D8-9CD4-80CD919EACFC}"
EndProject
Project("{9A19103F-16F7-4668-BE54-9A1E7A4F7556}") = "Scrape.Data.Helpers", "Scrape.Data.Helpers\Scrape.Data.Helpers.csproj", "{4961EB15-97E6-499B-98DE-CB849D4BB825}"
EndProject
Project("{2150E333-8FDC-42A3-9474-1A3956D46DE8}") = "Api", "Api", "{DABCBD05-EDC6-453F-9CBD-C848826FAB72}"
EndProject
Project("{FAE04EC0-301F-11D3-BF4B-00C04F79EFBC}") = "Scrape.Api", "Scrape.Api\Scrape.Api.csproj", "{01847A0C-A337-471B-957A-FCED7B075B1B}"
EndProject
Project("{2150E333-8FDC-42A3-9474-1A3956D46DE8}") = "Sdk", "Sdk", "{150B5981-9A85-4ECB-BF84-BA2CDC61C890}"
EndProject
Project("{FAE04EC0-301F-11D3-BF4B-00C04F79EFBC}") = "Scrape.Sdk.Abstractions", "Scrape.Sdk.Abstractions\Scrape.Sdk.Abstractions.csproj", "{4A7EFBEF-A1AC-483C-A620-66FAE601B551}"
EndProject
Project("{FAE04EC0-301F-11D3-BF4B-00C04F79EFBC}") = "Scrape.Sdk", "Scrape.Sdk\Scrape.Sdk.csproj", "{71AF90B6-FE10-4D7E-B57A-AF62C16F8687}"
EndProject
Global
	GlobalSection(SolutionConfigurationPlatforms) = preSolution
		Debug|Any CPU = Debug|Any CPU
		Release|Any CPU = Release|Any CPU
	EndGlobalSection
	GlobalSection(ProjectConfigurationPlatforms) = postSolution
		{BD08C352-D39B-4EFB-AA47-8BC71E396A57}.Debug|Any CPU.ActiveCfg = Debug|Any CPU
		{BD08C352-D39B-4EFB-AA47-8BC71E396A57}.Debug|Any CPU.Build.0 = Debug|Any CPU
		{BD08C352-D39B-4EFB-AA47-8BC71E396A57}.Release|Any CPU.ActiveCfg = Release|Any CPU
		{BD08C352-D39B-4EFB-AA47-8BC71E396A57}.Release|Any CPU.Build.0 = Release|Any CPU
		{14C51681-97D2-46D8-9CD4-80CD919EACFC}.Debug|Any CPU.ActiveCfg = Debug|Any CPU
		{14C51681-97D2-46D8-9CD4-80CD919EACFC}.Debug|Any CPU.Build.0 = Debug|Any CPU
		{14C51681-97D2-46D8-9CD4-80CD919EACFC}.Release|Any CPU.ActiveCfg = Release|Any CPU
		{14C51681-97D2-46D8-9CD4-80CD919EACFC}.Release|Any CPU.Build.0 = Release|Any CPU
		{4961EB15-97E6-499B-98DE-CB849D4BB825}.Debug|Any CPU.ActiveCfg = Debug|Any CPU
		{4961EB15-97E6-499B-98DE-CB849D4BB825}.Debug|Any CPU.Build.0 = Debug|Any CPU
		{4961EB15-97E6-499B-98DE-CB849D4BB825}.Release|Any CPU.ActiveCfg = Release|Any CPU
		{4961EB15-97E6-499B-98DE-CB849D4BB825}.Release|Any CPU.Build.0 = Release|Any CPU
		{01847A0C-A337-471B-957A-FCED7B075B1B}.Debug|Any CPU.ActiveCfg = Debug|Any CPU
		{01847A0C-A337-471B-957A-FCED7B075B1B}.Debug|Any CPU.Build.0 = Debug|Any CPU
		{01847A0C-A337-471B-957A-FCED7B075B1B}.Release|Any CPU.ActiveCfg = Release|Any CPU
		{01847A0C-A337-471B-957A-FCED7B075B1B}.Release|Any CPU.Build.0 = Release|Any CPU
		{4A7EFBEF-A1AC-483C-A620-66FAE601B551}.Debug|Any CPU.ActiveCfg = Debug|Any CPU
		{4A7EFBEF-A1AC-483C-A620-66FAE601B551}.Debug|Any CPU.Build.0 = Debug|Any CPU
		{4A7EFBEF-A1AC-483C-A620-66FAE601B551}.Release|Any CPU.ActiveCfg = Release|Any CPU
		{4A7EFBEF-A1AC-483C-A620-66FAE601B551}.Release|Any CPU.Build.0 = Release|Any CPU
		{71AF90B6-FE10-4D7E-B57A-AF62C16F8687}.Debug|Any CPU.ActiveCfg = Debug|Any CPU
		{71AF90B6-FE10-4D7E-B57A-AF62C16F8687}.Debug|Any CPU.Build.0 = Debug|Any CPU
		{71AF90B6-FE10-4D7E-B57A-AF62C16F8687}.Release|Any CPU.ActiveCfg = Release|Any CPU
		{71AF90B6-FE10-4D7E-B57A-AF62C16F8687}.Release|Any CPU.Build.0 = Release|Any CPU
	EndGlobalSection
	GlobalSection(SolutionProperties) = preSolution
		HideSolutionNode = FALSE
	EndGlobalSection
	GlobalSection(NestedProjects) = preSolution
		{BD08C352-D39B-4EFB-AA47-8BC71E396A57} = {3AB08274-F7BE-45AA-9FC3-8064BF21002D}
		{14C51681-97D2-46D8-9CD4-80CD919EACFC} = {9D68E01F-D22E-405D-A824-6F475D29AB75}
		{4961EB15-97E6-499B-98DE-CB849D4BB825} = {3AB08274-F7BE-45AA-9FC3-8064BF21002D}
		{01847A0C-A337-471B-957A-FCED7B075B1B} = {DABCBD05-EDC6-453F-9CBD-C848826FAB72}
		{4A7EFBEF-A1AC-483C-A620-66FAE601B551} = {150B5981-9A85-4ECB-BF84-BA2CDC61C890}
		{71AF90B6-FE10-4D7E-B57A-AF62C16F8687} = {150B5981-9A85-4ECB-BF84-BA2CDC61C890}
	EndGlobalSection
	GlobalSection(ExtensibilityGlobals) = postSolution
		SolutionGuid = {5336F409-9050-447A-B60C-B3729B3415AE}
	EndGlobalSection
EndGlobal
